// !$*UTF8*$!
{
	archiveVersion = 1;
	classes = {
	};
	objectVersion = 56;
	objects = {

/* Begin PBXBuildFile section */
		6D73FAEF2C1059240004355C /* LZRedBookApp.swift in Sources */ = {isa = PBXBuildFile; fileRef = 6D73FAEE2C1059240004355C /* LZRedBookApp.swift */; };
		6D73FAF12C1059240004355C /* ContentView.swift in Sources */ = {isa = PBXBuildFile; fileRef = 6D73FAF02C1059240004355C /* ContentView.swift */; };
		6D73FAF32C1059270004355C /* Assets.xcassets in Resources */ = {isa = PBXBuildFile; fileRef = 6D73FAF22C1059270004355C /* Assets.xcassets */; };
		6D73FAF62C1059270004355C /* Preview Assets.xcassets in Resources */ = {isa = PBXBuildFile; fileRef = 6D73FAF52C1059270004355C /* Preview Assets.xcassets */; };
		6D73FB002C1059270004355C /* LZRedBookTests.swift in Sources */ = {isa = PBXBuildFile; fileRef = 6D73FAFF2C1059270004355C /* LZRedBookTests.swift */; };
		6D73FB0A2C1059270004355C /* LZRedBookUITests.swift in Sources */ = {isa = PBXBuildFile; fileRef = 6D73FB092C1059270004355C /* LZRedBookUITests.swift */; };
		6D73FB0C2C1059270004355C /* LZRedBookUITestsLaunchTests.swift in Sources */ = {isa = PBXBuildFile; fileRef = 6D73FB0B2C1059270004355C /* LZRedBookUITestsLaunchTests.swift */; };
/* End PBXBuildFile section */

/* Begin PBXContainerItemProxy section */
		6D73FAFC2C1059270004355C /* PBXContainerItemProxy */ = {
			isa = PBXContainerItemProxy;
			containerPortal = 6D73FAE32C1059240004355C /* Project object */;
			proxyType = 1;
			remoteGlobalIDString = 6D73FAEA2C1059240004355C;
			remoteInfo = LZRedBook;
		};
		6D73FB062C1059270004355C /* PBXContainerItemProxy */ = {
			isa = PBXContainerItemProxy;
			containerPortal = 6D73FAE32C1059240004355C /* Project object */;
			proxyType = 1;
			remoteGlobalIDString = 6D73FAEA2C1059240004355C;
			remoteInfo = LZRedBook;
		};
/* End PBXContainerItemProxy section */

/* Begin PBXFileReference section */
		6D73FAEB2C1059240004355C /* LZRedBook.app */ = {isa = PBXFileReference; explicitFileType = wrapper.application; includeInIndex = 0; path = LZRedBook.app; sourceTree = BUILT_PRODUCTS_DIR; };
		6D73FAEE2C1059240004355C /* LZRedBookApp.swift */ = {isa = PBXFileReference; lastKnownFileType = sourcecode.swift; path = LZRedBookApp.swift; sourceTree = "<group>"; };
		6D73FAF02C1059240004355C /* ContentView.swift */ = {isa = PBXFileReference; lastKnownFileType = sourcecode.swift; path = ContentView.swift; sourceTree = "<group>"; };
		6D73FAF22C1059270004355C /* Assets.xcassets */ = {isa = PBXFileReference; lastKnownFileType = folder.assetcatalog; path = Assets.xcassets; sourceTree = "<group>"; };
		6D73FAF52C1059270004355C /* Preview Assets.xcassets */ = {isa = PBXFileReference; lastKnownFileType = folder.assetcatalog; path = "Preview Assets.xcassets"; sourceTree = "<group>"; };
		6D73FAFB2C1059270004355C /* LZRedBookTests.xctest */ = {isa = PBXFileReference; explicitFileType = wrapper.cfbundle; includeInIndex = 0; path = LZRedBookTests.xctest; sourceTree = BUILT_PRODUCTS_DIR; };
		6D73FAFF2C1059270004355C /* LZRedBookTests.swift */ = {isa = PBXFileReference; lastKnownFileType = sourcecode.swift; path = LZRedBookTests.swift; sourceTree = "<group>"; };
		6D73FB052C1059270004355C /* LZRedBookUITests.xctest */ = {isa = PBXFileReference; explicitFileType = wrapper.cfbundle; includeInIndex = 0; path = LZRedBookUITests.xctest; sourceTree = BUILT_PRODUCTS_DIR; };
		6D73FB092C1059270004355C /* LZRedBookUITests.swift */ = {isa = PBXFileReference; lastKnownFileType = sourcecode.swift; path = LZRedBookUITests.swift; sourceTree = "<group>"; };
		6D73FB0B2C1059270004355C /* LZRedBookUITestsLaunchTests.swift */ = {isa = PBXFileReference; lastKnownFileType = sourcecode.swift; path = LZRedBookUITestsLaunchTests.swift; sourceTree = "<group>"; };
/* End PBXFileReference section */

/* Begin PBXFrameworksBuildPhase section */
		6D73FAE82C1059240004355C /* Frameworks */ = {
			isa = PBXFrameworksBuildPhase;
			buildActionMask = 2147483647;
			files = (
			);
			runOnlyForDeploymentPostprocessing = 0;
		};
		6D73FAF82C1059270004355C /* Frameworks */ = {
			isa = PBXFrameworksBuildPhase;
			buildActionMask = 2147483647;
			files = (
			);
			runOnlyForDeploymentPostprocessing = 0;
		};
		6D73FB022C1059270004355C /* Frameworks */ = {
			isa = PBXFrameworksBuildPhase;
			buildActionMask = 2147483647;
			files = (
			);
			runOnlyForDeploymentPostprocessing = 0;
		};
/* End PBXFrameworksBuildPhase section */

/* Begin PBXGroup section */
		6D73FAE22C1059240004355C = {
			isa = PBXGroup;
			children = (
				6D73FAED2C1059240004355C /* LZRedBook */,
				6D73FAFE2C1059270004355C /* LZRedBookTests */,
				6D73FB082C1059270004355C /* LZRedBookUITests */,
				6D73FAEC2C1059240004355C /* Products */,
			);
			sourceTree = "<group>";
		};
		6D73FAEC2C1059240004355C /* Products */ = {
			isa = PBXGroup;
			children = (
				6D73FAEB2C1059240004355C /* LZRedBook.app */,
				6D73FAFB2C1059270004355C /* LZRedBookTests.xctest */,
				6D73FB052C1059270004355C /* LZRedBookUITests.xctest */,
			);
			name = Products;
			sourceTree = "<group>";
		};
		6D73FAED2C1059240004355C /* LZRedBook */ = {
			isa = PBXGroup;
			children = (
				6D73FAEE2C1059240004355C /* LZRedBookApp.swift */,
				6D73FAF02C1059240004355C /* ContentView.swift */,
				6D73FAF22C1059270004355C /* Assets.xcassets */,
				6D73FAF42C1059270004355C /* Preview Content */,
			);
			path = LZRedBook;
			sourceTree = "<group>";
		};
		6D73FAF42C1059270004355C /* Preview Content */ = {
			isa = PBXGroup;
			children = (
				6D73FAF52C1059270004355C /* Preview Assets.xcassets */,
			);
			path = "Preview Content";
			sourceTree = "<group>";
		};
		6D73FAFE2C1059270004355C /* LZRedBookTests */ = {
			isa = PBXGroup;
			children = (
				6D73FAFF2C1059270004355C /* LZRedBookTests.swift */,
			);
			path = LZRedBookTests;
			sourceTree = "<group>";
		};
		6D73FB082C1059270004355C /* LZRedBookUITests */ = {
			isa = PBXGroup;
			children = (
				6D73FB092C1059270004355C /* LZRedBookUITests.swift */,
				6D73FB0B2C1059270004355C /* LZRedBookUITestsLaunchTests.swift */,
			);
			path = LZRedBookUITests;
			sourceTree = "<group>";
		};
/* End PBXGroup section */

/* Begin PBXNativeTarget section */
		6D73FAEA2C1059240004355C /* LZRedBook */ = {
			isa = PBXNativeTarget;
			buildConfigurationList = 6D73FB0F2C1059270004355C /* Build configuration list for PBXNativeTarget "LZRedBook" */;
			buildPhases = (
				6D73FAE72C1059240004355C /* Sources */,
				6D73FAE82C1059240004355C /* Frameworks */,
				6D73FAE92C1059240004355C /* Resources */,
			);
			buildRules = (
			);
			dependencies = (
			);
			name = LZRedBook;
			productName = LZRedBook;
			productReference = 6D73FAEB2C1059240004355C /* LZRedBook.app */;
			productType = "com.apple.product-type.application";
		};
		6D73FAFA2C1059270004355C /* LZRedBookTests */ = {
			isa = PBXNativeTarget;
			buildConfigurationList = 6D73FB122C1059270004355C /* Build configuration list for PBXNativeTarget "LZRedBookTests" */;
			buildPhases = (
				6D73FAF72C1059270004355C /* Sources */,
				6D73FAF82C1059270004355C /* Frameworks */,
				6D73FAF92C1059270004355C /* Resources */,
			);
			buildRules = (
			);
			dependencies = (
				6D73FAFD2C1059270004355C /* PBXTargetDependency */,
			);
			name = LZRedBookTests;
			productName = LZRedBookTests;
			productReference = 6D73FAFB2C1059270004355C /* LZRedBookTests.xctest */;
			productType = "com.apple.product-type.bundle.unit-test";
		};
		6D73FB042C1059270004355C /* LZRedBookUITests */ = {
			isa = PBXNativeTarget;
			buildConfigurationList = 6D73FB152C1059270004355C /* Build configuration list for PBXNativeTarget "LZRedBookUITests" */;
			buildPhases = (
				6D73FB012C1059270004355C /* Sources */,
				6D73FB022C1059270004355C /* Frameworks */,
				6D73FB032C1059270004355C /* Resources */,
			);
			buildRules = (
			);
			dependencies = (
				6D73FB072C1059270004355C /* PBXTargetDependency */,
			);
			name = LZRedBookUITests;
			productName = LZRedBookUITests;
			productReference = 6D73FB052C1059270004355C /* LZRedBookUITests.xctest */;
			productType = "com.apple.product-type.bundle.ui-testing";
		};
/* End PBXNativeTarget section */

/* Begin PBXProject section */
		6D73FAE32C1059240004355C /* Project object */ = {
			isa = PBXProject;
			attributes = {
				BuildIndependentTargetsInParallel = 1;
				LastSwiftUpdateCheck = 1540;
				LastUpgradeCheck = 1540;
				TargetAttributes = {
					6D73FAEA2C1059240004355C = {
						CreatedOnToolsVersion = 15.4;
					};
					6D73FAFA2C1059270004355C = {
						CreatedOnToolsVersion = 15.4;
						TestTargetID = 6D73FAEA2C1059240004355C;
					};
					6D73FB042C1059270004355C = {
						CreatedOnToolsVersion = 15.4;
						TestTargetID = 6D73FAEA2C1059240004355C;
					};
				};
			};
			buildConfigurationList = 6D73FAE62C1059240004355C /* Build configuration list for PBXProject "LZRedBook" */;
			compatibilityVersion = "Xcode 14.0";
			developmentRegion = en;
			hasScannedForEncodings = 0;
			knownRegions = (
				en,
				Base,
			);
			mainGroup = 6D73FAE22C1059240004355C;
			productRefGroup = 6D73FAEC2C1059240004355C /* Products */;
			projectDirPath = "";
			projectRoot = "";
			targets = (
				6D73FAEA2C1059240004355C /* LZRedBook */,
				6D73FAFA2C1059270004355C /* LZRedBookTests */,
				6D73FB042C1059270004355C /* LZRedBookUITests */,
			);
		};
/* End PBXProject section */

/* Begin PBXResourcesBuildPhase section */
		6D73FAE92C1059240004355C /* Resources */ = {
			isa = PBXResourcesBuildPhase;
			buildActionMask = 2147483647;
			files = (
				6D73FAF62C1059270004355C /* Preview Assets.xcassets in Resources */,
				6D73FAF32C1059270004355C /* Assets.xcassets in Resources */,
			);
			runOnlyForDeploymentPostprocessing = 0;
		};
		6D73FAF92C1059270004355C /* Resources */ = {
			isa = PBXResourcesBuildPhase;
			buildActionMask = 2147483647;
			files = (
			);
			runOnlyForDeploymentPostprocessing = 0;
		};
		6D73FB032C1059270004355C /* Resources */ = {
			isa = PBXResourcesBuildPhase;
			buildActionMask = 2147483647;
			files = (
			);
			runOnlyForDeploymentPostprocessing = 0;
		};
/* End PBXResourcesBuildPhase section */

/* Begin PBXSourcesBuildPhase section */
		6D73FAE72C1059240004355C /* Sources */ = {
			isa = PBXSourcesBuildPhase;
			buildActionMask = 2147483647;
			files = (
				6D73FAF12C1059240004355C /* ContentView.swift in Sources */,
				6D73FAEF2C1059240004355C /* LZRedBookApp.swift in Sources */,
			);
			runOnlyForDeploymentPostprocessing = 0;
		};
		6D73FAF72C1059270004355C /* Sources */ = {
			isa = PBXSourcesBuildPhase;
			buildActionMask = 2147483647;
			files = (
				6D73FB002C1059270004355C /* LZRedBookTests.swift in Sources */,
			);
			runOnlyForDeploymentPostprocessing = 0;
		};
		6D73FB012C1059270004355C /* Sources */ = {
			isa = PBXSourcesBuildPhase;
			buildActionMask = 2147483647;
			files = (
				6D73FB0A2C1059270004355C /* LZRedBookUITests.swift in Sources */,
				6D73FB0C2C1059270004355C /* LZRedBookUITestsLaunchTests.swift in Sources */,
			);
			runOnlyForDeploymentPostprocessing = 0;
		};
/* End PBXSourcesBuildPhase section */

/* Begin PBXTargetDependency section */
		6D73FAFD2C1059270004355C /* PBXTargetDependency */ = {
			isa = PBXTargetDependency;
			target = 6D73FAEA2C1059240004355C /* LZRedBook */;
			targetProxy = 6D73FAFC2C1059270004355C /* PBXContainerItemProxy */;
		};
		6D73FB072C1059270004355C /* PBXTargetDependency */ = {
			isa = PBXTargetDependency;
			target = 6D73FAEA2C1059240004355C /* LZRedBook */;
			targetProxy = 6D73FB062C1059270004355C /* PBXContainerItemProxy */;
		};
/* End PBXTargetDependency section */

/* Begin XCBuildConfiguration section */
		6D73FB0D2C1059270004355C /* Debug */ = {
			isa = XCBuildConfiguration;
			buildSettings = {
				ALWAYS_SEARCH_USER_PATHS = NO;
				ASSETCATALOG_COMPILER_GENERATE_SWIFT_ASSET_SYMBOL_EXTENSIONS = YES;
				CLANG_ANALYZER_NONNULL = YES;
				CLANG_ANALYZER_NUMBER_OBJECT_CONVERSION = YES_AGGRESSIVE;
				CLANG_CXX_LANGUAGE_STANDARD = "gnu++20";
				CLANG_ENABLE_MODULES = YES;
				CLANG_ENABLE_OBJC_ARC = YES;
				CLANG_ENABLE_OBJC_WEAK = YES;
				CLANG_WARN_BLOCK_CAPTURE_AUTORELEASING = YES;
				CLANG_WARN_BOOL_CONVERSION = YES;
				CLANG_WARN_COMMA = YES;
				CLANG_WARN_CONSTANT_CONVERSION = YES;
				CLANG_WARN_DEPRECATED_OBJC_IMPLEMENTATIONS = YES;
				CLANG_WARN_DIRECT_OBJC_ISA_USAGE = YES_ERROR;
				CLANG_WARN_DOCUMENTATION_COMMENTS = YES;
				CLANG_WARN_EMPTY_BODY = YES;
				CLANG_WARN_ENUM_CONVERSION = YES;
				CLANG_WARN_INFINITE_RECURSION = YES;
				CLANG_WARN_INT_CONVERSION = YES;
				CLANG_WARN_NON_LITERAL_NULL_CONVERSION = YES;
				CLANG_WARN_OBJC_IMPLICIT_RETAIN_SELF = YES;
				CLANG_WARN_OBJC_LITERAL_CONVERSION = YES;
				CLANG_WARN_OBJC_ROOT_CLASS = YES_ERROR;
				CLANG_WARN_QUOTED_INCLUDE_IN_FRAMEWORK_HEADER = YES;
				CLANG_WARN_RANGE_LOOP_ANALYSIS = YES;
				CLANG_WARN_STRICT_PROTOTYPES = YES;
				CLANG_WARN_SUSPICIOUS_MOVE = YES;
				CLANG_WARN_UNGUARDED_AVAILABILITY = YES_AGGRESSIVE;
				CLANG_WARN_UNREACHABLE_CODE = YES;
				CLANG_WARN__DUPLICATE_METHOD_MATCH = YES;
				COPY_PHASE_STRIP = NO;
				DEBUG_INFORMATION_FORMAT = dwarf;
				ENABLE_STRICT_OBJC_MSGSEND = YES;
				ENABLE_TESTABILITY = YES;
				ENABLE_USER_SCRIPT_SANDBOXING = YES;
				GCC_C_LANGUAGE_STANDARD = gnu17;
				GCC_DYNAMIC_NO_PIC = NO;
				GCC_NO_COMMON_BLOCKS = YES;
				GCC_OPTIMIZATION_LEVEL = 0;
				GCC_PREPROCESSOR_DEFINITIONS = (
					"DEBUG=1",
					"$(inherited)",
				);
				GCC_WARN_64_TO_32_BIT_CONVERSION = YES;
				GCC_WARN_ABOUT_RETURN_TYPE = YES_ERROR;
				GCC_WARN_UNDECLARED_SELECTOR = YES;
				GCC_WARN_UNINITIALIZED_AUTOS = YES_AGGRESSIVE;
				GCC_WARN_UNUSED_FUNCTION = YES;
				GCC_WARN_UNUSED_VARIABLE = YES;
				IPHONEOS_DEPLOYMENT_TARGET = 16.0;
				LOCALIZATION_PREFERS_STRING_CATALOGS = YES;
				MTL_ENABLE_DEBUG_INFO = INCLUDE_SOURCE;
				MTL_FAST_MATH = YES;
				ONLY_ACTIVE_ARCH = YES;
				SDKROOT = iphoneos;
				SWIFT_ACTIVE_COMPILATION_CONDITIONS = "DEBUG $(inherited)";
				SWIFT_OPTIMIZATION_LEVEL = "-Onone";
			};
			name = Debug;
		};
		6D73FB0E2C1059270004355C /* Release */ = {
			isa = XCBuildConfiguration;
			buildSettings = {
				ALWAYS_SEARCH_USER_PATHS = NO;
				ASSETCATALOG_COMPILER_GENERATE_SWIFT_ASSET_SYMBOL_EXTENSIONS = YES;
				CLANG_ANALYZER_NONNULL = YES;
				CLANG_ANALYZER_NUMBER_OBJECT_CONVERSION = YES_AGGRESSIVE;
				CLANG_CXX_LANGUAGE_STANDARD = "gnu++20";
				CLANG_ENABLE_MODULES = YES;
				CLANG_ENABLE_OBJC_ARC = YES;
				CLANG_ENABLE_OBJC_WEAK = YES;
				CLANG_WARN_BLOCK_CAPTURE_AUTORELEASING = YES;
				CLANG_WARN_BOOL_CONVERSION = YES;
				CLANG_WARN_COMMA = YES;
				CLANG_WARN_CONSTANT_CONVERSION = YES;
				CLANG_WARN_DEPRECATED_OBJC_IMPLEMENTATIONS = YES;
				CLANG_WARN_DIRECT_OBJC_ISA_USAGE = YES_ERROR;
				CLANG_WARN_DOCUMENTATION_COMMENTS = YES;
				CLANG_WARN_EMPTY_BODY = YES;
				CLANG_WARN_ENUM_CONVERSION = YES;
				CLANG_WARN_INFINITE_RECURSION = YES;
				CLANG_WARN_INT_CONVERSION = YES;
				CLANG_WARN_NON_LITERAL_NULL_CONVERSION = YES;
				CLANG_WARN_OBJC_IMPLICIT_RETAIN_SELF = YES;
				CLANG_WARN_OBJC_LITERAL_CONVERSION = YES;
				CLANG_WARN_OBJC_ROOT_CLASS = YES_ERROR;
				CLANG_WARN_QUOTED_INCLUDE_IN_FRAMEWORK_HEADER = YES;
				CLANG_WARN_RANGE_LOOP_ANALYSIS = YES;
				CLANG_WARN_STRICT_PROTOTYPES = YES;
				CLANG_WARN_SUSPICIOUS_MOVE = YES;
				CLANG_WARN_UNGUARDED_AVAILABILITY = YES_AGGRESSIVE;
				CLANG_WARN_UNREACHABLE_CODE = YES;
				CLANG_WARN__DUPLICATE_METHOD_MATCH = YES;
				COPY_PHASE_STRIP = NO;
				DEBUG_INFORMATION_FORMAT = "dwarf-with-dsym";
				ENABLE_NS_ASSERTIONS = NO;
				ENABLE_STRICT_OBJC_MSGSEND = YES;
				ENABLE_USER_SCRIPT_SANDBOXING = YES;
				GCC_C_LANGUAGE_STANDARD = gnu17;
				GCC_NO_COMMON_BLOCKS = YES;
				GCC_WARN_64_TO_32_BIT_CONVERSION = YES;
				GCC_WARN_ABOUT_RETURN_TYPE = YES_ERROR;
				GCC_WARN_UNDECLARED_SELECTOR = YES;
				GCC_WARN_UNINITIALIZED_AUTOS = YES_AGGRESSIVE;
				GCC_WARN_UNUSED_FUNCTION = YES;
				GCC_WARN_UNUSED_VARIABLE = YES;
				IPHONEOS_DEPLOYMENT_TARGET = 16.0;
				LOCALIZATION_PREFERS_STRING_CATALOGS = YES;
				MTL_ENABLE_DEBUG_INFO = NO;
				MTL_FAST_MATH = YES;
				SDKROOT = iphoneos;
				SWIFT_COMPILATION_MODE = wholemodule;
				VALIDATE_PRODUCT = YES;
			};
			name = Release;
		};
		6D73FB102C1059270004355C /* Debug */ = {
			isa = XCBuildConfiguration;
			buildSettings = {
				ASSETCATALOG_COMPILER_APPICON_NAME = AppIcon;
				ASSETCATALOG_COMPILER_GLOBAL_ACCENT_COLOR_NAME = AccentColor;
				CODE_SIGN_STYLE = Automatic;
				CURRENT_PROJECT_VERSION = 1;
				DEVELOPMENT_ASSET_PATHS = "\"LZRedBook/Preview Content\"";
				DEVELOPMENT_TEAM = 5GAWG88GR9;
				ENABLE_PREVIEWS = YES;
				GENERATE_INFOPLIST_FILE = YES;
				INFOPLIST_KEY_UIApplicationSceneManifest_Generation = YES;
				INFOPLIST_KEY_UIApplicationSupportsIndirectInputEvents = YES;
				INFOPLIST_KEY_UILaunchScreen_Generation = YES;
				INFOPLIST_KEY_UISupportedInterfaceOrientations_iPad = "UIInterfaceOrientationPortrait UIInterfaceOrientationPortraitUpsideDown UIInterfaceOrientationLandscapeLeft UIInterfaceOrientationLandscapeRight";
				INFOPLIST_KEY_UISupportedInterfaceOrientations_iPhone = "UIInterfaceOrientationPortrait UIInterfaceOrientationLandscapeLeft UIInterfaceOrientationLandscapeRight";
				IPHONEOS_DEPLOYMENT_TARGET = 16.0;
				LD_RUNPATH_SEARCH_PATHS = (
					"$(inherited)",
					"@executable_path/Frameworks",
				);
				MARKETING_VERSION = 1.0;
				PRODUCT_BUNDLE_IDENTIFIER = com.lizhi.LZRedBook;
				PRODUCT_NAME = "$(TARGET_NAME)";
				SWIFT_EMIT_LOC_STRINGS = YES;
				SWIFT_VERSION = 5.0;
				TARGETED_DEVICE_FAMILY = "1,2";
			};
			name = Debug;
		};
		6D73FB112C1059270004355C /* Release */ = {
			isa = XCBuildConfiguration;
			buildSettings = {
				ASSETCATALOG_COMPILER_APPICON_NAME = AppIcon;
				ASSETCATALOG_COMPILER_GLOBAL_ACCENT_COLOR_NAME = AccentColor;
				CODE_SIGN_STYLE = Automatic;
				CURRENT_PROJECT_VERSION = 1;
				DEVELOPMENT_ASSET_PATHS = "\"LZRedBook/Preview Content\"";
				DEVELOPMENT_TEAM = 5GAWG88GR9;
				ENABLE_PREVIEWS = YES;
				GENERATE_INFOPLIST_FILE = YES;
				INFOPLIST_KEY_UIApplicationSceneManifest_Generation = YES;
				INFOPLIST_KEY_UIApplicationSupportsIndirectInputEvents = YES;
				INFOPLIST_KEY_UILaunchScreen_Generation = YES;
				INFOPLIST_KEY_UISupportedInterfaceOrientations_iPad = "UIInterfaceOrientationPortrait UIInterfaceOrientationPortraitUpsideDown UIInterfaceOrientationLandscapeLeft UIInterfaceOrientationLandscapeRight";
				INFOPLIST_KEY_UISupportedInterfaceOrientations_iPhone = "UIInterfaceOrientationPortrait UIInterfaceOrientationLandscapeLeft UIInterfaceOrientationLandscapeRight";
				IPHONEOS_DEPLOYMENT_TARGET = 16.0;
				LD_RUNPATH_SEARCH_PATHS = (
					"$(inherited)",
					"@executable_path/Frameworks",
				);
				MARKETING_VERSION = 1.0;
				PRODUCT_BUNDLE_IDENTIFIER = com.lizhi.LZRedBook;
				PRODUCT_NAME = "$(TARGET_NAME)";
				SWIFT_EMIT_LOC_STRINGS = YES;
				SWIFT_VERSION = 5.0;
				TARGETED_DEVICE_FAMILY = "1,2";
			};
			name = Release;
		};
		6D73FB132C1059270004355C /* Debug */ = {
			isa = XCBuildConfiguration;
			buildSettings = {
				ALWAYS_EMBED_SWIFT_STANDARD_LIBRARIES = YES;
				BUNDLE_LOADER = "$(TEST_HOST)";
				CODE_SIGN_STYLE = Automatic;
				CURRENT_PROJECT_VERSION = 1;
				DEVELOPMENT_TEAM = 5GAWG88GR9;
				GENERATE_INFOPLIST_FILE = YES;
				IPHONEOS_DEPLOYMENT_TARGET = 17.5;
				MARKETING_VERSION = 1.0;
				PRODUCT_BUNDLE_IDENTIFIER = com.lizhi.LZRedBookTests;
				PRODUCT_NAME = "$(TARGET_NAME)";
				SWIFT_EMIT_LOC_STRINGS = NO;
				SWIFT_VERSION = 5.0;
				TARGETED_DEVICE_FAMILY = "1,2";
				TEST_HOST = "$(BUILT_PRODUCTS_DIR)/LZRedBook.app/$(BUNDLE_EXECUTABLE_FOLDER_PATH)/LZRedBook";
			};
			name = Debug;
		};
		6D73FB142C1059270004355C /* Release */ = {
			isa = XCBuildConfiguration;
			buildSettings = {
				ALWAYS_EMBED_SWIFT_STANDARD_LIBRARIES = YES;
				BUNDLE_LOADER = "$(TEST_HOST)";
				CODE_SIGN_STYLE = Automatic;
				CURRENT_PROJECT_VERSION = 1;
				DEVELOPMENT_TEAM = 5GAWG88GR9;
				GENERATE_INFOPLIST_FILE = YES;
				IPHONEOS_DEPLOYMENT_TARGET = 17.5;
				MARKETING_VERSION = 1.0;
				PRODUCT_BUNDLE_IDENTIFIER = com.lizhi.LZRedBookTests;
				PRODUCT_NAME = "$(TARGET_NAME)";
				SWIFT_EMIT_LOC_STRINGS = NO;
				SWIFT_VERSION = 5.0;
				TARGETED_DEVICE_FAMILY = "1,2";
				TEST_HOST = "$(BUILT_PRODUCTS_DIR)/LZRedBook.app/$(BUNDLE_EXECUTABLE_FOLDER_PATH)/LZRedBook";
			};
			name = Release;
		};
		6D73FB162C1059270004355C /* Debug */ = {
			isa = XCBuildConfiguration;
			buildSettings = {
				ALWAYS_EMBED_SWIFT_STANDARD_LIBRARIES = YES;
				CODE_SIGN_STYLE = Automatic;
				CURRENT_PROJECT_VERSION = 1;
				DEVELOPMENT_TEAM = 5GAWG88GR9;
				GENERATE_INFOPLIST_FILE = YES;
				MARKETING_VERSION = 1.0;
				PRODUCT_BUNDLE_IDENTIFIER = com.lizhi.LZRedBookUITests;
				PRODUCT_NAME = "$(TARGET_NAME)";
				SWIFT_EMIT_LOC_STRINGS = NO;
				SWIFT_VERSION = 5.0;
				TARGETED_DEVICE_FAMILY = "1,2";
				TEST_TARGET_NAME = LZRedBook;
			};
			name = Debug;
		};
		6D73FB172C1059270004355C /* Release */ = {
			isa = XCBuildConfiguration;
			buildSettings = {
				ALWAYS_EMBED_SWIFT_STANDARD_LIBRARIES = YES;
				CODE_SIGN_STYLE = Automatic;
				CURRENT_PROJECT_VERSION = 1;
				DEVELOPMENT_TEAM = 5GAWG88GR9;
				GENERATE_INFOPLIST_FILE = YES;
				MARKETING_VERSION = 1.0;
				PRODUCT_BUNDLE_IDENTIFIER = com.lizhi.LZRedBookUITests;
				PRODUCT_NAME = "$(TARGET_NAME)";
				SWIFT_EMIT_LOC_STRINGS = NO;
				SWIFT_VERSION = 5.0;
				TARGETED_DEVICE_FAMILY = "1,2";
				TEST_TARGET_NAME = LZRedBook;
			};
			name = Release;
		};
/* End XCBuildConfiguration section */

/* Begin XCConfigurationList section */
		6D73FAE62C1059240004355C /* Build configuration list for PBXProject "LZRedBook" */ = {
			isa = XCConfigurationList;
			buildConfigurations = (
				6D73FB0D2C1059270004355C /* Debug */,
				6D73FB0E2C1059270004355C /* Release */,
			);
			defaultConfigurationIsVisible = 0;
			defaultConfigurationName = Release;
		};
		6D73FB0F2C1059270004355C /* Build configuration list for PBXNativeTarget "LZRedBook" */ = {
			isa = XCConfigurationList;
			buildConfigurations = (
				6D73FB102C1059270004355C /* Debug */,
				6D73FB112C1059270004355C /* Release */,
			);
			defaultConfigurationIsVisible = 0;
			defaultConfigurationName = Release;
		};
		6D73FB122C1059270004355C /* Build configuration list for PBXNativeTarget "LZRedBookTests" */ = {
			isa = XCConfigurationList;
			buildConfigurations = (
				6D73FB132C1059270004355C /* Debug */,
				6D73FB142C1059270004355C /* Release */,
			);
			defaultConfigurationIsVisible = 0;
			defaultConfigurationName = Release;
		};
		6D73FB152C1059270004355C /* Build configuration list for PBXNativeTarget "LZRedBookUITests" */ = {
			isa = XCConfigurationList;
			buildConfigurations = (
				6D73FB162C1059270004355C /* Debug */,
				6D73FB172C1059270004355C /* Release */,
			);
			defaultConfigurationIsVisible = 0;
			defaultConfigurationName = Release;
		};
/* End XCConfigurationList section */
	};
	rootObject = 6D73FAE32C1059240004355C /* Project object */;
}
